{
  "pins" : [
    {
      "identity" : "calculator",
      "kind" : "remoteSourceControl",
      "location" : "https://github.com/AlanMaxwell/Calculator",
      "state" : {
        "revision" : "b5274a436d7a2079b17e01ea7ac5d23df55a5d1a",
        "version" : "1.0.1"
      }
    },
    {
      "identity" : "networklayer",
      "kind" : "remoteSourceControl",
      "location" : "https://github.com/AlanMaxwell/NetworkLayer",
      "state" : {
        "revision" : "5a204a2e995552fc45b60b130ba83b434ee26fc7",
        "version" : "1.0.1"
      }
    }
  ],
  "version" : 2
}
