// !$*UTF8*$!
{
	archiveVersion = 1;
	classes = {
	};
	objectVersion = 56;
	objects = {

/* Begin PBXBuildFile section */
		1B147E00297F6251005B967C /* ButtonType.swift in Sources */ = {isa = PBXBuildFile; fileRef = 1B147DFF297F6251005B967C /* ButtonType.swift */; };
		1B147E03297F62EC005B967C /* CalculatorViewModel.swift in Sources */ = {isa = PBXBuildFile; fileRef = 1B147E02297F62EC005B967C /* CalculatorViewModel.swift */; };
		1B147E0529819CBE005B967C /* Digit.swift in Sources */ = {isa = PBXBuildFile; fileRef = 1B147E0429819CBE005B967C /* Digit.swift */; };
		1B147E0729819CDA005B967C /* ArithmeticOperations.swift in Sources */ = {isa = PBXBuildFile; fileRef = 1B147E0629819CDA005B967C /* ArithmeticOperations.swift */; };
		1B147E0929819D14005B967C /* Calculator.swift in Sources */ = {isa = PBXBuildFile; fileRef = 1B147E0829819D14005B967C /* Calculator.swift */; };
		1B147E0B2981F642005B967C /* SettingsView.swift in Sources */ = {isa = PBXBuildFile; fileRef = 1B147E0A2981F642005B967C /* SettingsView.swift */; };
		1B924786297F13CF00068C3B /* CalculatorApp.swift in Sources */ = {isa = PBXBuildFile; fileRef = 1B924785297F13CF00068C3B /* CalculatorApp.swift */; };
		1B924788297F13CF00068C3B /* ContentView.swift in Sources */ = {isa = PBXBuildFile; fileRef = 1B924787297F13CF00068C3B /* ContentView.swift */; };
		1B92478A297F13D000068C3B /* Assets.xcassets in Resources */ = {isa = PBXBuildFile; fileRef = 1B924789297F13D000068C3B /* Assets.xcassets */; };
		1B92478D297F13D000068C3B /* Preview Assets.xcassets in Resources */ = {isa = PBXBuildFile; fileRef = 1B92478C297F13D000068C3B /* Preview Assets.xcassets */; };
		1B924797297F13D000068C3B /* CalculatorAppTests.swift in Sources */ = {isa = PBXBuildFile; fileRef = 1B924796297F13D000068C3B /* CalculatorAppTests.swift */; };
		1B9247A1297F13D000068C3B /* CalculatorAppUITests.swift in Sources */ = {isa = PBXBuildFile; fileRef = 1B9247A0297F13D000068C3B /* CalculatorAppUITests.swift */; };
		1B9247A3297F13D000068C3B /* CalculatorAppUITestsLaunchTests.swift in Sources */ = {isa = PBXBuildFile; fileRef = 1B9247A2297F13D000068C3B /* CalculatorAppUITestsLaunchTests.swift */; };
		1B9247B1297F147100068C3B /* CalculatorView.swift in Sources */ = {isa = PBXBuildFile; fileRef = 1B9247B0297F147100068C3B /* CalculatorView.swift */; };
/* End PBXBuildFile section */

/* Begin PBXContainerItemProxy section */
		1B924793297F13D000068C3B /* PBXContainerItemProxy */ = {
			isa = PBXContainerItemProxy;
			containerPortal = 1B92477A297F13CF00068C3B /* Project object */;
			proxyType = 1;
			remoteGlobalIDString = 1B924781297F13CF00068C3B;
			remoteInfo = CalculatorApp;
		};
		1B92479D297F13D000068C3B /* PBXContainerItemProxy */ = {
			isa = PBXContainerItemProxy;
			containerPortal = 1B92477A297F13CF00068C3B /* Project object */;
			proxyType = 1;
			remoteGlobalIDString = 1B924781297F13CF00068C3B;
			remoteInfo = CalculatorApp;
		};
/* End PBXContainerItemProxy section */

/* Begin PBXFileReference section */
		1B147DFF297F6251005B967C /* ButtonType.swift */ = {isa = PBXFileReference; lastKnownFileType = sourcecode.swift; path = ButtonType.swift; sourceTree = "<group>"; };
		1B147E02297F62EC005B967C /* CalculatorViewModel.swift */ = {isa = PBXFileReference; lastKnownFileType = sourcecode.swift; path = CalculatorViewModel.swift; sourceTree = "<group>"; };
		1B147E0429819CBE005B967C /* Digit.swift */ = {isa = PBXFileReference; lastKnownFileType = sourcecode.swift; path = Digit.swift; sourceTree = "<group>"; };
		1B147E0629819CDA005B967C /* ArithmeticOperations.swift */ = {isa = PBXFileReference; lastKnownFileType = sourcecode.swift; path = ArithmeticOperations.swift; sourceTree = "<group>"; };
		1B147E0829819D14005B967C /* Calculator.swift */ = {isa = PBXFileReference; lastKnownFileType = sourcecode.swift; path = Calculator.swift; sourceTree = "<group>"; };
		1B147E0A2981F642005B967C /* SettingsView.swift */ = {isa = PBXFileReference; lastKnownFileType = sourcecode.swift; path = SettingsView.swift; sourceTree = "<group>"; };
		1B924782297F13CF00068C3B /* CalculatorApp.app */ = {isa = PBXFileReference; explicitFileType = wrapper.application; includeInIndex = 0; path = CalculatorApp.app; sourceTree = BUILT_PRODUCTS_DIR; };
		1B924785297F13CF00068C3B /* CalculatorApp.swift */ = {isa = PBXFileReference; lastKnownFileType = sourcecode.swift; path = CalculatorApp.swift; sourceTree = "<group>"; };
		1B924787297F13CF00068C3B /* ContentView.swift */ = {isa = PBXFileReference; lastKnownFileType = sourcecode.swift; path = ContentView.swift; sourceTree = "<group>"; };
		1B924789297F13D000068C3B /* Assets.xcassets */ = {isa = PBXFileReference; lastKnownFileType = folder.assetcatalog; path = Assets.xcassets; sourceTree = "<group>"; };
		1B92478C297F13D000068C3B /* Preview Assets.xcassets */ = {isa = PBXFileReference; lastKnownFileType = folder.assetcatalog; path = "Preview Assets.xcassets"; sourceTree = "<group>"; };
		1B924792297F13D000068C3B /* CalculatorAppTests.xctest */ = {isa = PBXFileReference; explicitFileType = wrapper.cfbundle; includeInIndex = 0; path = CalculatorAppTests.xctest; sourceTree = BUILT_PRODUCTS_DIR; };
		1B924796297F13D000068C3B /* CalculatorAppTests.swift */ = {isa = PBXFileReference; lastKnownFileType = sourcecode.swift; path = CalculatorAppTests.swift; sourceTree = "<group>"; };
		1B92479C297F13D000068C3B /* CalculatorAppUITests.xctest */ = {isa = PBXFileReference; explicitFileType = wrapper.cfbundle; includeInIndex = 0; path = CalculatorAppUITests.xctest; sourceTree = BUILT_PRODUCTS_DIR; };
		1B9247A0297F13D000068C3B /* CalculatorAppUITests.swift */ = {isa = PBXFileReference; lastKnownFileType = sourcecode.swift; path = CalculatorAppUITests.swift; sourceTree = "<group>"; };
		1B9247A2297F13D000068C3B /* CalculatorAppUITestsLaunchTests.swift */ = {isa = PBXFileReference; lastKnownFileType = sourcecode.swift; path = CalculatorAppUITestsLaunchTests.swift; sourceTree = "<group>"; };
		1B9247B0297F147100068C3B /* CalculatorView.swift */ = {isa = PBXFileReference; lastKnownFileType = sourcecode.swift; path = CalculatorView.swift; sourceTree = "<group>"; };
/* End PBXFileReference section */

/* Begin PBXFrameworksBuildPhase section */
		1B92477F297F13CF00068C3B /* Frameworks */ = {
			isa = PBXFrameworksBuildPhase;
			buildActionMask = 2147483647;
			files = (
			);
			runOnlyForDeploymentPostprocessing = 0;
		};
		1B92478F297F13D000068C3B /* Frameworks */ = {
			isa = PBXFrameworksBuildPhase;
			buildActionMask = 2147483647;
			files = (
			);
			runOnlyForDeploymentPostprocessing = 0;
		};
		1B924799297F13D000068C3B /* Frameworks */ = {
			isa = PBXFrameworksBuildPhase;
			buildActionMask = 2147483647;
			files = (
			);
			runOnlyForDeploymentPostprocessing = 0;
		};
/* End PBXFrameworksBuildPhase section */

/* Begin PBXGroup section */
		1B147DFE297F623C005B967C /* Models */ = {
			isa = PBXGroup;
			children = (
				1B147DFF297F6251005B967C /* ButtonType.swift */,
				1B147E0429819CBE005B967C /* Digit.swift */,
				1B147E0629819CDA005B967C /* ArithmeticOperations.swift */,
				1B147E0829819D14005B967C /* Calculator.swift */,
			);
			path = Models;
			sourceTree = "<group>";
		};
		1B147E01297F62D7005B967C /* ViewModels */ = {
			isa = PBXGroup;
			children = (
				1B147E02297F62EC005B967C /* CalculatorViewModel.swift */,
			);
			path = ViewModels;
			sourceTree = "<group>";
		};
		1B924779297F13CF00068C3B = {
			isa = PBXGroup;
			children = (
				1B924784297F13CF00068C3B /* CalculatorApp */,
				1B924795297F13D000068C3B /* CalculatorAppTests */,
				1B92479F297F13D000068C3B /* CalculatorAppUITests */,
				1B924783297F13CF00068C3B /* Products */,
			);
			sourceTree = "<group>";
		};
		1B924783297F13CF00068C3B /* Products */ = {
			isa = PBXGroup;
			children = (
				1B924782297F13CF00068C3B /* CalculatorApp.app */,
				1B924792297F13D000068C3B /* CalculatorAppTests.xctest */,
				1B92479C297F13D000068C3B /* CalculatorAppUITests.xctest */,
			);
			name = Products;
			sourceTree = "<group>";
		};
		1B924784297F13CF00068C3B /* CalculatorApp */ = {
			isa = PBXGroup;
			children = (
				1B147E01297F62D7005B967C /* ViewModels */,
				1B147DFE297F623C005B967C /* Models */,
				1B9247AF297F145D00068C3B /* Views */,
				1B924785297F13CF00068C3B /* CalculatorApp.swift */,
				1B924787297F13CF00068C3B /* ContentView.swift */,
				1B924789297F13D000068C3B /* Assets.xcassets */,
				1B92478B297F13D000068C3B /* Preview Content */,
			);
			path = CalculatorApp;
			sourceTree = "<group>";
		};
		1B92478B297F13D000068C3B /* Preview Content */ = {
			isa = PBXGroup;
			children = (
				1B92478C297F13D000068C3B /* Preview Assets.xcassets */,
			);
			path = "Preview Content";
			sourceTree = "<group>";
		};
		1B924795297F13D000068C3B /* CalculatorAppTests */ = {
			isa = PBXGroup;
			children = (
				1B924796297F13D000068C3B /* CalculatorAppTests.swift */,
			);
			path = CalculatorAppTests;
			sourceTree = "<group>";
		};
		1B92479F297F13D000068C3B /* CalculatorAppUITests */ = {
			isa = PBXGroup;
			children = (
				1B9247A0297F13D000068C3B /* CalculatorAppUITests.swift */,
				1B9247A2297F13D000068C3B /* CalculatorAppUITestsLaunchTests.swift */,
			);
			path = CalculatorAppUITests;
			sourceTree = "<group>";
		};
		1B9247AF297F145D00068C3B /* Views */ = {
			isa = PBXGroup;
			children = (
				1B9247B0297F147100068C3B /* CalculatorView.swift */,
				1B147E0A2981F642005B967C /* SettingsView.swift */,
			);
			path = Views;
			sourceTree = "<group>";
		};
/* End PBXGroup section */

/* Begin PBXNativeTarget section */
		1B924781297F13CF00068C3B /* CalculatorApp */ = {
			isa = PBXNativeTarget;
			buildConfigurationList = 1B9247A6297F13D000068C3B /* Build configuration list for PBXNativeTarget "CalculatorApp" */;
			buildPhases = (
				1B92477E297F13CF00068C3B /* Sources */,
				1B92477F297F13CF00068C3B /* Frameworks */,
				1B924780297F13CF00068C3B /* Resources */,
			);
			buildRules = (
			);
			dependencies = (
			);
			name = CalculatorApp;
			productName = CalculatorApp;
			productReference = 1B924782297F13CF00068C3B /* CalculatorApp.app */;
			productType = "com.apple.product-type.application";
		};
		1B924791297F13D000068C3B /* CalculatorAppTests */ = {
			isa = PBXNativeTarget;
			buildConfigurationList = 1B9247A9297F13D000068C3B /* Build configuration list for PBXNativeTarget "CalculatorAppTests" */;
			buildPhases = (
				1B92478E297F13D000068C3B /* Sources */,
				1B92478F297F13D000068C3B /* Frameworks */,
				1B924790297F13D000068C3B /* Resources */,
			);
			buildRules = (
			);
			dependencies = (
				1B924794297F13D000068C3B /* PBXTargetDependency */,
			);
			name = CalculatorAppTests;
			productName = CalculatorAppTests;
			productReference = 1B924792297F13D000068C3B /* CalculatorAppTests.xctest */;
			productType = "com.apple.product-type.bundle.unit-test";
		};
		1B92479B297F13D000068C3B /* CalculatorAppUITests */ = {
			isa = PBXNativeTarget;
			buildConfigurationList = 1B9247AC297F13D000068C3B /* Build configuration list for PBXNativeTarget "CalculatorAppUITests" */;
			buildPhases = (
				1B924798297F13D000068C3B /* Sources */,
				1B924799297F13D000068C3B /* Frameworks */,
				1B92479A297F13D000068C3B /* Resources */,
			);
			buildRules = (
			);
			dependencies = (
				1B92479E297F13D000068C3B /* PBXTargetDependency */,
			);
			name = CalculatorAppUITests;
			productName = CalculatorAppUITests;
			productReference = 1B92479C297F13D000068C3B /* CalculatorAppUITests.xctest */;
			productType = "com.apple.product-type.bundle.ui-testing";
		};
/* End PBXNativeTarget section */

/* Begin PBXProject section */
		1B92477A297F13CF00068C3B /* Project object */ = {
			isa = PBXProject;
			attributes = {
				BuildIndependentTargetsInParallel = 1;
				LastSwiftUpdateCheck = 1420;
				LastUpgradeCheck = 1420;
				TargetAttributes = {
					1B924781297F13CF00068C3B = {
						CreatedOnToolsVersion = 14.2;
					};
					1B924791297F13D000068C3B = {
						CreatedOnToolsVersion = 14.2;
						TestTargetID = 1B924781297F13CF00068C3B;
					};
					1B92479B297F13D000068C3B = {
						CreatedOnToolsVersion = 14.2;
						TestTargetID = 1B924781297F13CF00068C3B;
					};
				};
			};
			buildConfigurationList = 1B92477D297F13CF00068C3B /* Build configuration list for PBXProject "CalculatorApp" */;
			compatibilityVersion = "Xcode 14.0";
			developmentRegion = en;
			hasScannedForEncodings = 0;
			knownRegions = (
				en,
				Base,
			);
			mainGroup = 1B924779297F13CF00068C3B;
			productRefGroup = 1B924783297F13CF00068C3B /* Products */;
			projectDirPath = "";
			projectRoot = "";
			targets = (
				1B924781297F13CF00068C3B /* CalculatorApp */,
				1B924791297F13D000068C3B /* CalculatorAppTests */,
				1B92479B297F13D000068C3B /* CalculatorAppUITests */,
			);
		};
/* End PBXProject section */

/* Begin PBXResourcesBuildPhase section */
		1B924780297F13CF00068C3B /* Resources */ = {
			isa = PBXResourcesBuildPhase;
			buildActionMask = 2147483647;
			files = (
				1B92478D297F13D000068C3B /* Preview Assets.xcassets in Resources */,
				1B92478A297F13D000068C3B /* Assets.xcassets in Resources */,
			);
			runOnlyForDeploymentPostprocessing = 0;
		};
		1B924790297F13D000068C3B /* Resources */ = {
			isa = PBXResourcesBuildPhase;
			buildActionMask = 2147483647;
			files = (
			);
			runOnlyForDeploymentPostprocessing = 0;
		};
		1B92479A297F13D000068C3B /* Resources */ = {
			isa = PBXResourcesBuildPhase;
			buildActionMask = 2147483647;
			files = (
			);
			runOnlyForDeploymentPostprocessing = 0;
		};
/* End PBXResourcesBuildPhase section */

/* Begin PBXSourcesBuildPhase section */
		1B92477E297F13CF00068C3B /* Sources */ = {
			isa = PBXSourcesBuildPhase;
			buildActionMask = 2147483647;
			files = (
				1B924788297F13CF00068C3B /* ContentView.swift in Sources */,
				1B147E00297F6251005B967C /* ButtonType.swift in Sources */,
				1B9247B1297F147100068C3B /* CalculatorView.swift in Sources */,
				1B147E0B2981F642005B967C /* SettingsView.swift in Sources */,
				1B924786297F13CF00068C3B /* CalculatorApp.swift in Sources */,
				1B147E03297F62EC005B967C /* CalculatorViewModel.swift in Sources */,
				1B147E0929819D14005B967C /* Calculator.swift in Sources */,
				1B147E0529819CBE005B967C /* Digit.swift in Sources */,
				1B147E0729819CDA005B967C /* ArithmeticOperations.swift in Sources */,
			);
			runOnlyForDeploymentPostprocessing = 0;
		};
		1B92478E297F13D000068C3B /* Sources */ = {
			isa = PBXSourcesBuildPhase;
			buildActionMask = 2147483647;
			files = (
				1B924797297F13D000068C3B /* CalculatorAppTests.swift in Sources */,
			);
			runOnlyForDeploymentPostprocessing = 0;
		};
		1B924798297F13D000068C3B /* Sources */ = {
			isa = PBXSourcesBuildPhase;
			buildActionMask = 2147483647;
			files = (
				1B9247A3297F13D000068C3B /* CalculatorAppUITestsLaunchTests.swift in Sources */,
				1B9247A1297F13D000068C3B /* CalculatorAppUITests.swift in Sources */,
			);
			runOnlyForDeploymentPostprocessing = 0;
		};
/* End PBXSourcesBuildPhase section */

/* Begin PBXTargetDependency section */
		1B924794297F13D000068C3B /* PBXTargetDependency */ = {
			isa = PBXTargetDependency;
			target = 1B924781297F13CF00068C3B /* CalculatorApp */;
			targetProxy = 1B924793297F13D000068C3B /* PBXContainerItemProxy */;
		};
		1B92479E297F13D000068C3B /* PBXTargetDependency */ = {
			isa = PBXTargetDependency;
			target = 1B924781297F13CF00068C3B /* CalculatorApp */;
			targetProxy = 1B92479D297F13D000068C3B /* PBXContainerItemProxy */;
		};
/* End PBXTargetDependency section */

/* Begin XCBuildConfiguration section */
		1B9247A4297F13D000068C3B /* Debug */ = {
			isa = XCBuildConfiguration;
			buildSettings = {
				ALWAYS_SEARCH_USER_PATHS = NO;
				CLANG_ANALYZER_NONNULL = YES;
				CLANG_ANALYZER_NUMBER_OBJECT_CONVERSION = YES_AGGRESSIVE;
				CLANG_CXX_LANGUAGE_STANDARD = "gnu++20";
				CLANG_ENABLE_MODULES = YES;
				CLANG_ENABLE_OBJC_ARC = YES;
				CLANG_ENABLE_OBJC_WEAK = YES;
				CLANG_WARN_BLOCK_CAPTURE_AUTORELEASING = YES;
				CLANG_WARN_BOOL_CONVERSION = YES;
				CLANG_WARN_COMMA = YES;
				CLANG_WARN_CONSTANT_CONVERSION = YES;
				CLANG_WARN_DEPRECATED_OBJC_IMPLEMENTATIONS = YES;
				CLANG_WARN_DIRECT_OBJC_ISA_USAGE = YES_ERROR;
				CLANG_WARN_DOCUMENTATION_COMMENTS = YES;
				CLANG_WARN_EMPTY_BODY = YES;
				CLANG_WARN_ENUM_CONVERSION = YES;
				CLANG_WARN_INFINITE_RECURSION = YES;
				CLANG_WARN_INT_CONVERSION = YES;
				CLANG_WARN_NON_LITERAL_NULL_CONVERSION = YES;
				CLANG_WARN_OBJC_IMPLICIT_RETAIN_SELF = YES;
				CLANG_WARN_OBJC_LITERAL_CONVERSION = YES;
				CLANG_WARN_OBJC_ROOT_CLASS = YES_ERROR;
				CLANG_WARN_QUOTED_INCLUDE_IN_FRAMEWORK_HEADER = YES;
				CLANG_WARN_RANGE_LOOP_ANALYSIS = YES;
				CLANG_WARN_STRICT_PROTOTYPES = YES;
				CLANG_WARN_SUSPICIOUS_MOVE = YES;
				CLANG_WARN_UNGUARDED_AVAILABILITY = YES_AGGRESSIVE;
				CLANG_WARN_UNREACHABLE_CODE = YES;
				CLANG_WARN__DUPLICATE_METHOD_MATCH = YES;
				COPY_PHASE_STRIP = NO;
				DEBUG_INFORMATION_FORMAT = dwarf;
				ENABLE_STRICT_OBJC_MSGSEND = YES;
				ENABLE_TESTABILITY = YES;
				GCC_C_LANGUAGE_STANDARD = gnu11;
				GCC_DYNAMIC_NO_PIC = NO;
				GCC_NO_COMMON_BLOCKS = YES;
				GCC_OPTIMIZATION_LEVEL = 0;
				GCC_PREPROCESSOR_DEFINITIONS = (
					"DEBUG=1",
					"$(inherited)",
				);
				GCC_WARN_64_TO_32_BIT_CONVERSION = YES;
				GCC_WARN_ABOUT_RETURN_TYPE = YES_ERROR;
				GCC_WARN_UNDECLARED_SELECTOR = YES;
				GCC_WARN_UNINITIALIZED_AUTOS = YES_AGGRESSIVE;
				GCC_WARN_UNUSED_FUNCTION = YES;
				GCC_WARN_UNUSED_VARIABLE = YES;
				IPHONEOS_DEPLOYMENT_TARGET = 16.2;
				MTL_ENABLE_DEBUG_INFO = INCLUDE_SOURCE;
				MTL_FAST_MATH = YES;
				ONLY_ACTIVE_ARCH = YES;
				SDKROOT = iphoneos;
				SWIFT_ACTIVE_COMPILATION_CONDITIONS = DEBUG;
				SWIFT_OPTIMIZATION_LEVEL = "-Onone";
			};
			name = Debug;
		};
		1B9247A5297F13D000068C3B /* Release */ = {
			isa = XCBuildConfiguration;
			buildSettings = {
				ALWAYS_SEARCH_USER_PATHS = NO;
				CLANG_ANALYZER_NONNULL = YES;
				CLANG_ANALYZER_NUMBER_OBJECT_CONVERSION = YES_AGGRESSIVE;
				CLANG_CXX_LANGUAGE_STANDARD = "gnu++20";
				CLANG_ENABLE_MODULES = YES;
				CLANG_ENABLE_OBJC_ARC = YES;
				CLANG_ENABLE_OBJC_WEAK = YES;
				CLANG_WARN_BLOCK_CAPTURE_AUTORELEASING = YES;
				CLANG_WARN_BOOL_CONVERSION = YES;
				CLANG_WARN_COMMA = YES;
				CLANG_WARN_CONSTANT_CONVERSION = YES;
				CLANG_WARN_DEPRECATED_OBJC_IMPLEMENTATIONS = YES;
				CLANG_WARN_DIRECT_OBJC_ISA_USAGE = YES_ERROR;
				CLANG_WARN_DOCUMENTATION_COMMENTS = YES;
				CLANG_WARN_EMPTY_BODY = YES;
				CLANG_WARN_ENUM_CONVERSION = YES;
				CLANG_WARN_INFINITE_RECURSION = YES;
				CLANG_WARN_INT_CONVERSION = YES;
				CLANG_WARN_NON_LITERAL_NULL_CONVERSION = YES;
				CLANG_WARN_OBJC_IMPLICIT_RETAIN_SELF = YES;
				CLANG_WARN_OBJC_LITERAL_CONVERSION = YES;
				CLANG_WARN_OBJC_ROOT_CLASS = YES_ERROR;
				CLANG_WARN_QUOTED_INCLUDE_IN_FRAMEWORK_HEADER = YES;
				CLANG_WARN_RANGE_LOOP_ANALYSIS = YES;
				CLANG_WARN_STRICT_PROTOTYPES = YES;
				CLANG_WARN_SUSPICIOUS_MOVE = YES;
				CLANG_WARN_UNGUARDED_AVAILABILITY = YES_AGGRESSIVE;
				CLANG_WARN_UNREACHABLE_CODE = YES;
				CLANG_WARN__DUPLICATE_METHOD_MATCH = YES;
				COPY_PHASE_STRIP = NO;
				DEBUG_INFORMATION_FORMAT = "dwarf-with-dsym";
				ENABLE_NS_ASSERTIONS = NO;
				ENABLE_STRICT_OBJC_MSGSEND = YES;
				GCC_C_LANGUAGE_STANDARD = gnu11;
				GCC_NO_COMMON_BLOCKS = YES;
				GCC_WARN_64_TO_32_BIT_CONVERSION = YES;
				GCC_WARN_ABOUT_RETURN_TYPE = YES_ERROR;
				GCC_WARN_UNDECLARED_SELECTOR = YES;
				GCC_WARN_UNINITIALIZED_AUTOS = YES_AGGRESSIVE;
				GCC_WARN_UNUSED_FUNCTION = YES;
				GCC_WARN_UNUSED_VARIABLE = YES;
				IPHONEOS_DEPLOYMENT_TARGET = 16.2;
				MTL_ENABLE_DEBUG_INFO = NO;
				MTL_FAST_MATH = YES;
				SDKROOT = iphoneos;
				SWIFT_COMPILATION_MODE = wholemodule;
				SWIFT_OPTIMIZATION_LEVEL = "-O";
				VALIDATE_PRODUCT = YES;
			};
			name = Release;
		};
		1B9247A7297F13D000068C3B /* Debug */ = {
			isa = XCBuildConfiguration;
			buildSettings = {
				ASSETCATALOG_COMPILER_APPICON_NAME = AppIcon;
				ASSETCATALOG_COMPILER_GLOBAL_ACCENT_COLOR_NAME = AccentColor;
				CODE_SIGN_STYLE = Automatic;
				CURRENT_PROJECT_VERSION = 1;
				DEVELOPMENT_ASSET_PATHS = "\"CalculatorApp/Preview Content\"";
				ENABLE_PREVIEWS = YES;
				GENERATE_INFOPLIST_FILE = YES;
				INFOPLIST_KEY_UIApplicationSceneManifest_Generation = YES;
				INFOPLIST_KEY_UIApplicationSupportsIndirectInputEvents = YES;
				INFOPLIST_KEY_UILaunchScreen_Generation = YES;
				INFOPLIST_KEY_UISupportedInterfaceOrientations_iPad = "UIInterfaceOrientationPortrait UIInterfaceOrientationPortraitUpsideDown UIInterfaceOrientationLandscapeLeft UIInterfaceOrientationLandscapeRight";
				INFOPLIST_KEY_UISupportedInterfaceOrientations_iPhone = "UIInterfaceOrientationPortrait UIInterfaceOrientationLandscapeLeft UIInterfaceOrientationLandscapeRight";
				LD_RUNPATH_SEARCH_PATHS = (
					"$(inherited)",
					"@executable_path/Frameworks",
				);
				MARKETING_VERSION = 1.0;
				PRODUCT_BUNDLE_IDENTIFIER = com.MyCompany.CalculatorApp;
				PRODUCT_NAME = "$(TARGET_NAME)";
				SWIFT_EMIT_LOC_STRINGS = YES;
				SWIFT_VERSION = 5.0;
				TARGETED_DEVICE_FAMILY = "1,2";
			};
			name = Debug;
		};
		1B9247A8297F13D000068C3B /* Release */ = {
			isa = XCBuildConfiguration;
			buildSettings = {
				ASSETCATALOG_COMPILER_APPICON_NAME = AppIcon;
				ASSETCATALOG_COMPILER_GLOBAL_ACCENT_COLOR_NAME = AccentColor;
				CODE_SIGN_STYLE = Automatic;
				CURRENT_PROJECT_VERSION = 1;
				DEVELOPMENT_ASSET_PATHS = "\"CalculatorApp/Preview Content\"";
				ENABLE_PREVIEWS = YES;
				GENERATE_INFOPLIST_FILE = YES;
				INFOPLIST_KEY_UIApplicationSceneManifest_Generation = YES;
				INFOPLIST_KEY_UIApplicationSupportsIndirectInputEvents = YES;
				INFOPLIST_KEY_UILaunchScreen_Generation = YES;
				INFOPLIST_KEY_UISupportedInterfaceOrientations_iPad = "UIInterfaceOrientationPortrait UIInterfaceOrientationPortraitUpsideDown UIInterfaceOrientationLandscapeLeft UIInterfaceOrientationLandscapeRight";
				INFOPLIST_KEY_UISupportedInterfaceOrientations_iPhone = "UIInterfaceOrientationPortrait UIInterfaceOrientationLandscapeLeft UIInterfaceOrientationLandscapeRight";
				LD_RUNPATH_SEARCH_PATHS = (
					"$(inherited)",
					"@executable_path/Frameworks",
				);
				MARKETING_VERSION = 1.0;
				PRODUCT_BUNDLE_IDENTIFIER = com.MyCompany.CalculatorApp;
				PRODUCT_NAME = "$(TARGET_NAME)";
				SWIFT_EMIT_LOC_STRINGS = YES;
				SWIFT_VERSION = 5.0;
				TARGETED_DEVICE_FAMILY = "1,2";
			};
			name = Release;
		};
		1B9247AA297F13D000068C3B /* Debug */ = {
			isa = XCBuildConfiguration;
			buildSettings = {
				ALWAYS_EMBED_SWIFT_STANDARD_LIBRARIES = YES;
				BUNDLE_LOADER = "$(TEST_HOST)";
				CODE_SIGN_STYLE = Automatic;
				CURRENT_PROJECT_VERSION = 1;
				GENERATE_INFOPLIST_FILE = YES;
				IPHONEOS_DEPLOYMENT_TARGET = 16.2;
				MARKETING_VERSION = 1.0;
				PRODUCT_BUNDLE_IDENTIFIER = com.MyCompany.CalculatorAppTests;
				PRODUCT_NAME = "$(TARGET_NAME)";
				SWIFT_EMIT_LOC_STRINGS = NO;
				SWIFT_VERSION = 5.0;
				TARGETED_DEVICE_FAMILY = "1,2";
				TEST_HOST = "$(BUILT_PRODUCTS_DIR)/CalculatorApp.app/$(BUNDLE_EXECUTABLE_FOLDER_PATH)/CalculatorApp";
			};
			name = Debug;
		};
		1B9247AB297F13D000068C3B /* Release */ = {
			isa = XCBuildConfiguration;
			buildSettings = {
				ALWAYS_EMBED_SWIFT_STANDARD_LIBRARIES = YES;
				BUNDLE_LOADER = "$(TEST_HOST)";
				CODE_SIGN_STYLE = Automatic;
				CURRENT_PROJECT_VERSION = 1;
				GENERATE_INFOPLIST_FILE = YES;
				IPHONEOS_DEPLOYMENT_TARGET = 16.2;
				MARKETING_VERSION = 1.0;
				PRODUCT_BUNDLE_IDENTIFIER = com.MyCompany.CalculatorAppTests;
				PRODUCT_NAME = "$(TARGET_NAME)";
				SWIFT_EMIT_LOC_STRINGS = NO;
				SWIFT_VERSION = 5.0;
				TARGETED_DEVICE_FAMILY = "1,2";
				TEST_HOST = "$(BUILT_PRODUCTS_DIR)/CalculatorApp.app/$(BUNDLE_EXECUTABLE_FOLDER_PATH)/CalculatorApp";
			};
			name = Release;
		};
		1B9247AD297F13D000068C3B /* Debug */ = {
			isa = XCBuildConfiguration;
			buildSettings = {
				ALWAYS_EMBED_SWIFT_STANDARD_LIBRARIES = YES;
				CODE_SIGN_STYLE = Automatic;
				CURRENT_PROJECT_VERSION = 1;
				GENERATE_INFOPLIST_FILE = YES;
				MARKETING_VERSION = 1.0;
				PRODUCT_BUNDLE_IDENTIFIER = com.MyCompany.CalculatorAppUITests;
				PRODUCT_NAME = "$(TARGET_NAME)";
				SWIFT_EMIT_LOC_STRINGS = NO;
				SWIFT_VERSION = 5.0;
				TARGETED_DEVICE_FAMILY = "1,2";
				TEST_TARGET_NAME = CalculatorApp;
			};
			name = Debug;
		};
		1B9247AE297F13D000068C3B /* Release */ = {
			isa = XCBuildConfiguration;
			buildSettings = {
				ALWAYS_EMBED_SWIFT_STANDARD_LIBRARIES = YES;
				CODE_SIGN_STYLE = Automatic;
				CURRENT_PROJECT_VERSION = 1;
				GENERATE_INFOPLIST_FILE = YES;
				MARKETING_VERSION = 1.0;
				PRODUCT_BUNDLE_IDENTIFIER = com.MyCompany.CalculatorAppUITests;
				PRODUCT_NAME = "$(TARGET_NAME)";
				SWIFT_EMIT_LOC_STRINGS = NO;
				SWIFT_VERSION = 5.0;
				TARGETED_DEVICE_FAMILY = "1,2";
				TEST_TARGET_NAME = CalculatorApp;
			};
			name = Release;
		};
/* End XCBuildConfiguration section */

/* Begin XCConfigurationList section */
		1B92477D297F13CF00068C3B /* Build configuration list for PBXProject "CalculatorApp" */ = {
			isa = XCConfigurationList;
			buildConfigurations = (
				1B9247A4297F13D000068C3B /* Debug */,
				1B9247A5297F13D000068C3B /* Release */,
			);
			defaultConfigurationIsVisible = 0;
			defaultConfigurationName = Release;
		};
		1B9247A6297F13D000068C3B /* Build configuration list for PBXNativeTarget "CalculatorApp" */ = {
			isa = XCConfigurationList;
			buildConfigurations = (
				1B9247A7297F13D000068C3B /* Debug */,
				1B9247A8297F13D000068C3B /* Release */,
			);
			defaultConfigurationIsVisible = 0;
			defaultConfigurationName = Release;
		};
		1B9247A9297F13D000068C3B /* Build configuration list for PBXNativeTarget "CalculatorAppTests" */ = {
			isa = XCConfigurationList;
			buildConfigurations = (
				1B9247AA297F13D000068C3B /* Debug */,
				1B9247AB297F13D000068C3B /* Release */,
			);
			defaultConfigurationIsVisible = 0;
			defaultConfigurationName = Release;
		};
		1B9247AC297F13D000068C3B /* Build configuration list for PBXNativeTarget "CalculatorAppUITests" */ = {
			isa = XCConfigurationList;
			buildConfigurations = (
				1B9247AD297F13D000068C3B /* Debug */,
				1B9247AE297F13D000068C3B /* Release */,
			);
			defaultConfigurationIsVisible = 0;
			defaultConfigurationName = Release;
		};
/* End XCConfigurationList section */
	};
	rootObject = 1B92477A297F13CF00068C3B /* Project object */;
}
